
Microsoft Visual Studio Solution File, Format Version 10.00
# Visual Studio 2008
Project("{2150E333-8FDC-42A3-9474-1A3956D46DE8}") = "3_Expressions", "3_Expressions", "{3BA427B4-5AE3-44A3-81A9-7358277646BF}"
EndProject
Project("{2150E333-8FDC-42A3-9474-1A3956D46DE8}") = "1_ExtensionMethods", "1_ExtensionMethods", "{353687B1-3D2C-45EB-ADA6-2F05D4969BF7}"
EndProject
Project("{2150E333-8FDC-42A3-9474-1A3956D46DE8}") = "2_LambdaExpressions", "2_LambdaExpressions", "{FFF740BD-7211-4C7A-AE76-BD455D3E724F}"
EndProject
Project("{2150E333-8FDC-42A3-9474-1A3956D46DE8}") = "4_FluentInterfaces", "4_FluentInterfaces", "{2E533AC7-2513-4F3A-84FC-03A2B20016AB}"
EndProject
Project("{FAE04EC0-301F-11D3-BF4B-00C04F79EFBC}") = "ExtensionMethodsTests", "ExtensionMethodsTests\ExtensionMethodsTests.csproj", "{D47A8201-4673-4E22-A0CD-6FACF0AA4BE9}"
EndProject
Project("{2150E333-8FDC-42A3-9474-1A3956D46DE8}") = "Solution Items", "Solution Items", "{1063178C-327D-4533-9B9D-0CFC1EDE01F6}"
	ProjectSection(SolutionItems) = preProject
		EvolveYourCode.vsmdi = EvolveYourCode.vsmdi
		LocalTestRun.testrunconfig = LocalTestRun.testrunconfig
	EndProjectSection
EndProject
Project("{FAE04EC0-301F-11D3-BF4B-00C04F79EFBC}") = "ExtensionMethods", "ExtensionMethods\ExtensionMethods.csproj", "{2EAB3898-C11C-49E9-9BEB-53AA694CA054}"
EndProject
Project("{FAE04EC0-301F-11D3-BF4B-00C04F79EFBC}") = "LambdaExpressions", "LambdaExpressions\LambdaExpressions.csproj", "{58A70D3A-9DFB-483B-9024-6CF01E86BE42}"
EndProject
Project("{FAE04EC0-301F-11D3-BF4B-00C04F79EFBC}") = "ExpressionsTests", "ExpressionsTests\ExpressionsTests.csproj", "{CAB25B3D-3F18-474F-9FA8-04CCE5FD651F}"
EndProject
Project("{FAE04EC0-301F-11D3-BF4B-00C04F79EFBC}") = "FluentInterfacesTests", "FluentInterfacesTests\FluentInterfacesTests.csproj", "{1FC4B0A3-522D-4FD8-ACBA-A2EBE2B4BB2B}"
EndProject
Project("{FAE04EC0-301F-11D3-BF4B-00C04F79EFBC}") = "FluentInterfaces", "FluentInterfaces\FluentInterfaces.csproj", "{19A8140D-2B8C-4F0F-8BEA-FD43E5F8B4BA}"
EndProject
Global
	GlobalSection(TestCaseManagementSettings) = postSolution
		CategoryFile = EvolveYourCode.vsmdi
	EndGlobalSection
	GlobalSection(SolutionConfigurationPlatforms) = preSolution
		Debug|Any CPU = Debug|Any CPU
		Release|Any CPU = Release|Any CPU
	EndGlobalSection
	GlobalSection(ProjectConfigurationPlatforms) = postSolution
		{D47A8201-4673-4E22-A0CD-6FACF0AA4BE9}.Debug|Any CPU.ActiveCfg = Debug|Any CPU
		{D47A8201-4673-4E22-A0CD-6FACF0AA4BE9}.Debug|Any CPU.Build.0 = Debug|Any CPU
		{D47A8201-4673-4E22-A0CD-6FACF0AA4BE9}.Release|Any CPU.ActiveCfg = Release|Any CPU
		{D47A8201-4673-4E22-A0CD-6FACF0AA4BE9}.Release|Any CPU.Build.0 = Release|Any CPU
		{2EAB3898-C11C-49E9-9BEB-53AA694CA054}.Debug|Any CPU.ActiveCfg = Debug|Any CPU
		{2EAB3898-C11C-49E9-9BEB-53AA694CA054}.Debug|Any CPU.Build.0 = Debug|Any CPU
		{2EAB3898-C11C-49E9-9BEB-53AA694CA054}.Release|Any CPU.ActiveCfg = Release|Any CPU
		{2EAB3898-C11C-49E9-9BEB-53AA694CA054}.Release|Any CPU.Build.0 = Release|Any CPU
		{58A70D3A-9DFB-483B-9024-6CF01E86BE42}.Debug|Any CPU.ActiveCfg = Debug|Any CPU
		{58A70D3A-9DFB-483B-9024-6CF01E86BE42}.Debug|Any CPU.Build.0 = Debug|Any CPU
		{58A70D3A-9DFB-483B-9024-6CF01E86BE42}.Release|Any CPU.ActiveCfg = Release|Any CPU
		{58A70D3A-9DFB-483B-9024-6CF01E86BE42}.Release|Any CPU.Build.0 = Release|Any CPU
		{CAB25B3D-3F18-474F-9FA8-04CCE5FD651F}.Debug|Any CPU.ActiveCfg = Debug|Any CPU
		{CAB25B3D-3F18-474F-9FA8-04CCE5FD651F}.Debug|Any CPU.Build.0 = Debug|Any CPU
		{CAB25B3D-3F18-474F-9FA8-04CCE5FD651F}.Release|Any CPU.ActiveCfg = Release|Any CPU
		{CAB25B3D-3F18-474F-9FA8-04CCE5FD651F}.Release|Any CPU.Build.0 = Release|Any CPU
		{1FC4B0A3-522D-4FD8-ACBA-A2EBE2B4BB2B}.Debug|Any CPU.ActiveCfg = Debug|Any CPU
		{1FC4B0A3-522D-4FD8-ACBA-A2EBE2B4BB2B}.Debug|Any CPU.Build.0 = Debug|Any CPU
		{1FC4B0A3-522D-4FD8-ACBA-A2EBE2B4BB2B}.Release|Any CPU.ActiveCfg = Release|Any CPU
		{1FC4B0A3-522D-4FD8-ACBA-A2EBE2B4BB2B}.Release|Any CPU.Build.0 = Release|Any CPU
		{19A8140D-2B8C-4F0F-8BEA-FD43E5F8B4BA}.Debug|Any CPU.ActiveCfg = Debug|Any CPU
		{19A8140D-2B8C-4F0F-8BEA-FD43E5F8B4BA}.Debug|Any CPU.Build.0 = Debug|Any CPU
		{19A8140D-2B8C-4F0F-8BEA-FD43E5F8B4BA}.Release|Any CPU.ActiveCfg = Release|Any CPU
		{19A8140D-2B8C-4F0F-8BEA-FD43E5F8B4BA}.Release|Any CPU.Build.0 = Release|Any CPU
	EndGlobalSection
	GlobalSection(SolutionProperties) = preSolution
		HideSolutionNode = FALSE
	EndGlobalSection
	GlobalSection(NestedProjects) = preSolution
		{CAB25B3D-3F18-474F-9FA8-04CCE5FD651F} = {3BA427B4-5AE3-44A3-81A9-7358277646BF}
		{D47A8201-4673-4E22-A0CD-6FACF0AA4BE9} = {353687B1-3D2C-45EB-ADA6-2F05D4969BF7}
		{2EAB3898-C11C-49E9-9BEB-53AA694CA054} = {353687B1-3D2C-45EB-ADA6-2F05D4969BF7}
		{58A70D3A-9DFB-483B-9024-6CF01E86BE42} = {FFF740BD-7211-4C7A-AE76-BD455D3E724F}
		{1FC4B0A3-522D-4FD8-ACBA-A2EBE2B4BB2B} = {2E533AC7-2513-4F3A-84FC-03A2B20016AB}
		{19A8140D-2B8C-4F0F-8BEA-FD43E5F8B4BA} = {2E533AC7-2513-4F3A-84FC-03A2B20016AB}
	EndGlobalSection
EndGlobal
